// !$*UTF8*$!
{
	archiveVersion = 1;
	classes = {
	};
	objectVersion = 50;
	objects = {

/* Begin PBXBuildFile section */
		4735C06F23FB03EE006AA84A /* AppDelegate.swift in Sources */ = {isa = PBXBuildFile; fileRef = 4735C06E23FB03EE006AA84A /* AppDelegate.swift */; };
		4735C07123FB03EE006AA84A /* SceneDelegate.swift in Sources */ = {isa = PBXBuildFile; fileRef = 4735C07023FB03EE006AA84A /* SceneDelegate.swift */; };
		4735C07323FB03EE006AA84A /* ViewController.swift in Sources */ = {isa = PBXBuildFile; fileRef = 4735C07223FB03EE006AA84A /* ViewController.swift */; };
		4735C07823FB03F0006AA84A /* Assets.xcassets in Resources */ = {isa = PBXBuildFile; fileRef = 4735C07723FB03F0006AA84A /* Assets.xcassets */; };
		4735C07B23FB03F0006AA84A /* LaunchScreen.storyboard in Resources */ = {isa = PBXBuildFile; fileRef = 4735C07923FB03F0006AA84A /* LaunchScreen.storyboard */; };
		4735C08323FB08F4006AA84A /* CustomCell.swift in Sources */ = {isa = PBXBuildFile; fileRef = 4735C08223FB08F4006AA84A /* CustomCell.swift */; };
/* End PBXBuildFile section */

/* Begin PBXFileReference section */
		4735C06B23FB03EE006AA84A /* CustomCollectionVew_Cell.app */ = {isa = PBXFileReference; explicitFileType = wrapper.application; includeInIndex = 0; path = CustomCollectionVew_Cell.app; sourceTree = BUILT_PRODUCTS_DIR; };
		4735C06E23FB03EE006AA84A /* AppDelegate.swift */ = {isa = PBXFileReference; lastKnownFileType = sourcecode.swift; path = AppDelegate.swift; sourceTree = "<group>"; };
		4735C07023FB03EE006AA84A /* SceneDelegate.swift */ = {isa = PBXFileReference; lastKnownFileType = sourcecode.swift; path = SceneDelegate.swift; sourceTree = "<group>"; };
		4735C07223FB03EE006AA84A /* ViewController.swift */ = {isa = PBXFileReference; lastKnownFileType = sourcecode.swift; path = ViewController.swift; sourceTree = "<group>"; };
		4735C07723FB03F0006AA84A /* Assets.xcassets */ = {isa = PBXFileReference; lastKnownFileType = folder.assetcatalog; path = Assets.xcassets; sourceTree = "<group>"; };
		4735C07A23FB03F0006AA84A /* Base */ = {isa = PBXFileReference; lastKnownFileType = file.storyboard; name = Base; path = Base.lproj/LaunchScreen.storyboard; sourceTree = "<group>"; };
		4735C07C23FB03F0006AA84A /* Info.plist */ = {isa = PBXFileReference; lastKnownFileType = text.plist.xml; path = Info.plist; sourceTree = "<group>"; };
		4735C08223FB08F4006AA84A /* CustomCell.swift */ = {isa = PBXFileReference; lastKnownFileType = sourcecode.swift; path = CustomCell.swift; sourceTree = "<group>"; };
/* End PBXFileReference section */

/* Begin PBXFrameworksBuildPhase section */
		4735C06823FB03EE006AA84A /* Frameworks */ = {
			isa = PBXFrameworksBuildPhase;
			buildActionMask = 2147483647;
			files = (
			);
			runOnlyForDeploymentPostprocessing = 0;
		};
/* End PBXFrameworksBuildPhase section */

/* Begin PBXGroup section */
		4735C06223FB03EE006AA84A = {
			isa = PBXGroup;
			children = (
				4735C06D23FB03EE006AA84A /* CustomCollectionVew_Cell */,
				4735C06C23FB03EE006AA84A /* Products */,
			);
			sourceTree = "<group>";
		};
		4735C06C23FB03EE006AA84A /* Products */ = {
			isa = PBXGroup;
			children = (
				4735C06B23FB03EE006AA84A /* CustomCollectionVew_Cell.app */,
			);
			name = Products;
			sourceTree = "<group>";
		};
		4735C06D23FB03EE006AA84A /* CustomCollectionVew_Cell */ = {
			isa = PBXGroup;
			children = (
				4735C06E23FB03EE006AA84A /* AppDelegate.swift */,
				4735C07023FB03EE006AA84A /* SceneDelegate.swift */,
				4735C07223FB03EE006AA84A /* ViewController.swift */,
				4735C08223FB08F4006AA84A /* CustomCell.swift */,
				4735C07723FB03F0006AA84A /* Assets.xcassets */,
				4735C07923FB03F0006AA84A /* LaunchScreen.storyboard */,
				4735C07C23FB03F0006AA84A /* Info.plist */,
			);
			path = CustomCollectionVew_Cell;
			sourceTree = "<group>";
		};
/* End PBXGroup section */

/* Begin PBXNativeTarget section */
		4735C06A23FB03EE006AA84A /* CustomCollectionVew_Cell */ = {
			isa = PBXNativeTarget;
			buildConfigurationList = 4735C07F23FB03F0006AA84A /* Build configuration list for PBXNativeTarget "CustomCollectionVew_Cell" */;
			buildPhases = (
				4735C06723FB03EE006AA84A /* Sources */,
				4735C06823FB03EE006AA84A /* Frameworks */,
				4735C06923FB03EE006AA84A /* Resources */,
			);
			buildRules = (
			);
			dependencies = (
			);
			name = CustomCollectionVew_Cell;
			productName = CustomCollectionVew_Cell;
			productReference = 4735C06B23FB03EE006AA84A /* CustomCollectionVew_Cell.app */;
			productType = "com.apple.product-type.application";
		};
/* End PBXNativeTarget section */

/* Begin PBXProject section */
		4735C06323FB03EE006AA84A /* Project object */ = {
			isa = PBXProject;
			attributes = {
				LastSwiftUpdateCheck = 1130;
				LastUpgradeCheck = 1130;
				ORGANIZATIONNAME = Hwang;
				TargetAttributes = {
					4735C06A23FB03EE006AA84A = {
						CreatedOnToolsVersion = 11.3.1;
					};
				};
			};
			buildConfigurationList = 4735C06623FB03EE006AA84A /* Build configuration list for PBXProject "CustomCollectionVew_Cell" */;
			compatibilityVersion = "Xcode 9.3";
			developmentRegion = en;
			hasScannedForEncodings = 0;
			knownRegions = (
				en,
				Base,
			);
			mainGroup = 4735C06223FB03EE006AA84A;
			productRefGroup = 4735C06C23FB03EE006AA84A /* Products */;
			projectDirPath = "";
			projectRoot = "";
			targets = (
				4735C06A23FB03EE006AA84A /* CustomCollectionVew_Cell */,
			);
		};
/* End PBXProject section */

/* Begin PBXResourcesBuildPhase section */
		4735C06923FB03EE006AA84A /* Resources */ = {
			isa = PBXResourcesBuildPhase;
			buildActionMask = 2147483647;
			files = (
				4735C07B23FB03F0006AA84A /* LaunchScreen.storyboard in Resources */,
				4735C07823FB03F0006AA84A /* Assets.xcassets in Resources */,
			);
			runOnlyForDeploymentPostprocessing = 0;
		};
/* End PBXResourcesBuildPhase section */

/* Begin PBXSourcesBuildPhase section */
		4735C06723FB03EE006AA84A /* Sources */ = {
			isa = PBXSourcesBuildPhase;
			buildActionMask = 2147483647;
			files = (
				4735C07323FB03EE006AA84A /* ViewController.swift in Sources */,
				4735C06F23FB03EE006AA84A /* AppDelegate.swift in Sources */,
				4735C08323FB08F4006AA84A /* CustomCell.swift in Sources */,
				4735C07123FB03EE006AA84A /* SceneDelegate.swift in Sources */,
			);
			runOnlyForDeploymentPostprocessing = 0;
		};
/* End PBXSourcesBuildPhase section */

/* Begin PBXVariantGroup section */
		4735C07923FB03F0006AA84A /* LaunchScreen.storyboard */ = {
			isa = PBXVariantGroup;
			children = (
				4735C07A23FB03F0006AA84A /* Base */,
			);
			name = LaunchScreen.storyboard;
			sourceTree = "<group>";
		};
/* End PBXVariantGroup section */

/* Begin XCBuildConfiguration section */
		4735C07D23FB03F0006AA84A /* Debug */ = {
			isa = XCBuildConfiguration;
			buildSettings = {
				ALWAYS_SEARCH_USER_PATHS = NO;
				CLANG_ANALYZER_NONNULL = YES;
				CLANG_ANALYZER_NUMBER_OBJECT_CONVERSION = YES_AGGRESSIVE;
				CLANG_CXX_LANGUAGE_STANDARD = "gnu++14";
				CLANG_CXX_LIBRARY = "libc++";
				CLANG_ENABLE_MODULES = YES;
				CLANG_ENABLE_OBJC_ARC = YES;
				CLANG_ENABLE_OBJC_WEAK = YES;
				CLANG_WARN_BLOCK_CAPTURE_AUTORELEASING = YES;
				CLANG_WARN_BOOL_CONVERSION = YES;
				CLANG_WARN_COMMA = YES;
				CLANG_WARN_CONSTANT_CONVERSION = YES;
				CLANG_WARN_DEPRECATED_OBJC_IMPLEMENTATIONS = YES;
				CLANG_WARN_DIRECT_OBJC_ISA_USAGE = YES_ERROR;
				CLANG_WARN_DOCUMENTATION_COMMENTS = YES;
				CLANG_WARN_EMPTY_BODY = YES;
				CLANG_WARN_ENUM_CONVERSION = YES;
				CLANG_WARN_INFINITE_RECURSION = YES;
				CLANG_WARN_INT_CONVERSION = YES;
				CLANG_WARN_NON_LITERAL_NULL_CONVERSION = YES;
				CLANG_WARN_OBJC_IMPLICIT_RETAIN_SELF = YES;
				CLANG_WARN_OBJC_LITERAL_CONVERSION = YES;
				CLANG_WARN_OBJC_ROOT_CLASS = YES_ERROR;
				CLANG_WARN_RANGE_LOOP_ANALYSIS = YES;
				CLANG_WARN_STRICT_PROTOTYPES = YES;
				CLANG_WARN_SUSPICIOUS_MOVE = YES;
				CLANG_WARN_UNGUARDED_AVAILABILITY = YES_AGGRESSIVE;
				CLANG_WARN_UNREACHABLE_CODE = YES;
				CLANG_WARN__DUPLICATE_METHOD_MATCH = YES;
				COPY_PHASE_STRIP = NO;
				DEBUG_INFORMATION_FORMAT = dwarf;
				ENABLE_STRICT_OBJC_MSGSEND = YES;
				ENABLE_TESTABILITY = YES;
				GCC_C_LANGUAGE_STANDARD = gnu11;
				GCC_DYNAMIC_NO_PIC = NO;
				GCC_NO_COMMON_BLOCKS = YES;
				GCC_OPTIMIZATION_LEVEL = 0;
				GCC_PREPROCESSOR_DEFINITIONS = (
					"DEBUG=1",
					"$(inherited)",
				);
				GCC_WARN_64_TO_32_BIT_CONVERSION = YES;
				GCC_WARN_ABOUT_RETURN_TYPE = YES_ERROR;
				GCC_WARN_UNDECLARED_SELECTOR = YES;
				GCC_WARN_UNINITIALIZED_AUTOS = YES_AGGRESSIVE;
				GCC_WARN_UNUSED_FUNCTION = YES;
				GCC_WARN_UNUSED_VARIABLE = YES;
				IPHONEOS_DEPLOYMENT_TARGET = 13.2;
				MTL_ENABLE_DEBUG_INFO = INCLUDE_SOURCE;
				MTL_FAST_MATH = YES;
				ONLY_ACTIVE_ARCH = YES;
				SDKROOT = iphoneos;
				SWIFT_ACTIVE_COMPILATION_CONDITIONS = DEBUG;
				SWIFT_OPTIMIZATION_LEVEL = "-Onone";
			};
			name = Debug;
		};
		4735C07E23FB03F0006AA84A /* Release */ = {
			isa = XCBuildConfiguration;
			buildSettings = {
				ALWAYS_SEARCH_USER_PATHS = NO;
				CLANG_ANALYZER_NONNULL = YES;
				CLANG_ANALYZER_NUMBER_OBJECT_CONVERSION = YES_AGGRESSIVE;
				CLANG_CXX_LANGUAGE_STANDARD = "gnu++14";
				CLANG_CXX_LIBRARY = "libc++";
				CLANG_ENABLE_MODULES = YES;
				CLANG_ENABLE_OBJC_ARC = YES;
				CLANG_ENABLE_OBJC_WEAK = YES;
				CLANG_WARN_BLOCK_CAPTURE_AUTORELEASING = YES;
				CLANG_WARN_BOOL_CONVERSION = YES;
				CLANG_WARN_COMMA = YES;
				CLANG_WARN_CONSTANT_CONVERSION = YES;
				CLANG_WARN_DEPRECATED_OBJC_IMPLEMENTATIONS = YES;
				CLANG_WARN_DIRECT_OBJC_ISA_USAGE = YES_ERROR;
				CLANG_WARN_DOCUMENTATION_COMMENTS = YES;
				CLANG_WARN_EMPTY_BODY = YES;
				CLANG_WARN_ENUM_CONVERSION = YES;
				CLANG_WARN_INFINITE_RECURSION = YES;
				CLANG_WARN_INT_CONVERSION = YES;
				CLANG_WARN_NON_LITERAL_NULL_CONVERSION = YES;
				CLANG_WARN_OBJC_IMPLICIT_RETAIN_SELF = YES;
				CLANG_WARN_OBJC_LITERAL_CONVERSION = YES;
				CLANG_WARN_OBJC_ROOT_CLASS = YES_ERROR;
				CLANG_WARN_RANGE_LOOP_ANALYSIS = YES;
				CLANG_WARN_STRICT_PROTOTYPES = YES;
				CLANG_WARN_SUSPICIOUS_MOVE = YES;
				CLANG_WARN_UNGUARDED_AVAILABILITY = YES_AGGRESSIVE;
				CLANG_WARN_UNREACHABLE_CODE = YES;
				CLANG_WARN__DUPLICATE_METHOD_MATCH = YES;
				COPY_PHASE_STRIP = NO;
				DEBUG_INFORMATION_FORMAT = "dwarf-with-dsym";
				ENABLE_NS_ASSERTIONS = NO;
				ENABLE_STRICT_OBJC_MSGSEND = YES;
				GCC_C_LANGUAGE_STANDARD = gnu11;
				GCC_NO_COMMON_BLOCKS = YES;
				GCC_WARN_64_TO_32_BIT_CONVERSION = YES;
				GCC_WARN_ABOUT_RETURN_TYPE = YES_ERROR;
				GCC_WARN_UNDECLARED_SELECTOR = YES;
				GCC_WARN_UNINITIALIZED_AUTOS = YES_AGGRESSIVE;
				GCC_WARN_UNUSED_FUNCTION = YES;
				GCC_WARN_UNUSED_VARIABLE = YES;
				IPHONEOS_DEPLOYMENT_TARGET = 13.2;
				MTL_ENABLE_DEBUG_INFO = NO;
				MTL_FAST_MATH = YES;
				SDKROOT = iphoneos;
				SWIFT_COMPILATION_MODE = wholemodule;
				SWIFT_OPTIMIZATION_LEVEL = "-O";
				VALIDATE_PRODUCT = YES;
			};
			name = Release;
		};
		4735C08023FB03F0006AA84A /* Debug */ = {
			isa = XCBuildConfiguration;
			buildSettings = {
				ASSETCATALOG_COMPILER_APPICON_NAME = AppIcon;
				CODE_SIGN_STYLE = Automatic;
				INFOPLIST_FILE = CustomCollectionVew_Cell/Info.plist;
				LD_RUNPATH_SEARCH_PATHS = (
					"$(inherited)",
					"@executable_path/Frameworks",
				);
				PRODUCT_BUNDLE_IDENTIFIER = "tourbillion42.CustomCollectionVew-Cell";
				PRODUCT_NAME = "$(TARGET_NAME)";
				SWIFT_VERSION = 5.0;
				TARGETED_DEVICE_FAMILY = "1,2";
			};
			name = Debug;
		};
		4735C08123FB03F0006AA84A /* Release */ = {
			isa = XCBuildConfiguration;
			buildSettings = {
				ASSETCATALOG_COMPILER_APPICON_NAME = AppIcon;
				CODE_SIGN_STYLE = Automatic;
				INFOPLIST_FILE = CustomCollectionVew_Cell/Info.plist;
				LD_RUNPATH_SEARCH_PATHS = (
					"$(inherited)",
					"@executable_path/Frameworks",
				);
				PRODUCT_BUNDLE_IDENTIFIER = "tourbillion42.CustomCollectionVew-Cell";
				PRODUCT_NAME = "$(TARGET_NAME)";
				SWIFT_VERSION = 5.0;
				TARGETED_DEVICE_FAMILY = "1,2";
			};
			name = Release;
		};
/* End XCBuildConfiguration section */

/* Begin XCConfigurationList section */
		4735C06623FB03EE006AA84A /* Build configuration list for PBXProject "CustomCollectionVew_Cell" */ = {
			isa = XCConfigurationList;
			buildConfigurations = (
				4735C07D23FB03F0006AA84A /* Debug */,
				4735C07E23FB03F0006AA84A /* Release */,
			);
			defaultConfigurationIsVisible = 0;
			defaultConfigurationName = Release;
		};
		4735C07F23FB03F0006AA84A /* Build configuration list for PBXNativeTarget "CustomCollectionVew_Cell" */ = {
			isa = XCConfigurationList;
			buildConfigurations = (
				4735C08023FB03F0006AA84A /* Debug */,
				4735C08123FB03F0006AA84A /* Release */,
			);
			defaultConfigurationIsVisible = 0;
			defaultConfigurationName = Release;
		};
/* End XCConfigurationList section */
	};
	rootObject = 4735C06323FB03EE006AA84A /* Project object */;
}
